
Microsoft Visual Studio Solution File, Format Version 12.00
# Visual Studio Version 17
VisualStudioVersion = 17.5.002.0
MinimumVisualStudioVersion = 10.0.40219.1
Project("{2150E333-8FDC-42A3-9474-1A3956D46DE8}") = "IS-Projekty", "IS-Projekty", "{224F1DCC-5532-4E15-8013-DC9AA34C0A82}"
EndProject
Project("{9A19103F-16F7-4668-BE54-9A1E7A4F7556}") = "001-prvni-program-vypis-rady", "IS-Projekty\001-prvni-program-vypis-rady\001-prvni-program-vypis-rady.csproj", "{5B0E7951-AD96-4A53-8DE6-A3BAA89A5DDE}"
EndProject
Global
	GlobalSection(SolutionConfigurationPlatforms) = preSolution
		Debug|Any CPU = Debug|Any CPU
		Release|Any CPU = Release|Any CPU
	EndGlobalSection
	GlobalSection(ProjectConfigurationPlatforms) = postSolution
		{5B0E7951-AD96-4A53-8DE6-A3BAA89A5DDE}.Debug|Any CPU.ActiveCfg = Debug|Any CPU
		{5B0E7951-AD96-4A53-8DE6-A3BAA89A5DDE}.Debug|Any CPU.Build.0 = Debug|Any CPU
		{5B0E7951-AD96-4A53-8DE6-A3BAA89A5DDE}.Release|Any CPU.ActiveCfg = Release|Any CPU
		{5B0E7951-AD96-4A53-8DE6-A3BAA89A5DDE}.Release|Any CPU.Build.0 = Release|Any CPU
	EndGlobalSection
	GlobalSection(SolutionProperties) = preSolution
		HideSolutionNode = FALSE
	EndGlobalSection
	GlobalSection(NestedProjects) = preSolution
		{5B0E7951-AD96-4A53-8DE6-A3BAA89A5DDE} = {224F1DCC-5532-4E15-8013-DC9AA34C0A82}
	EndGlobalSection
	GlobalSection(ExtensibilityGlobals) = postSolution
		SolutionGuid = {4C8A50FC-1192-45FC-90D2-9B9A54E3C4DE}
	EndGlobalSection
EndGlobal
