
Microsoft Visual Studio Solution File, Format Version 12.00
# Visual Studio Version 17
VisualStudioVersion = 17.5.002.0
MinimumVisualStudioVersion = 10.0.40219.1
Project("{9A19103F-16F7-4668-BE54-9A1E7A4F7556}") = "004d-obrazec-3", "004d-obrazec-3.csproj", "{A908C5F9-8109-4E3D-88A4-A6698F619B3E}"
EndProject
Global
	GlobalSection(SolutionConfigurationPlatforms) = preSolution
		Debug|Any CPU = Debug|Any CPU
		Release|Any CPU = Release|Any CPU
	EndGlobalSection
	GlobalSection(ProjectConfigurationPlatforms) = postSolution
		{A908C5F9-8109-4E3D-88A4-A6698F619B3E}.Debug|Any CPU.ActiveCfg = Debug|Any CPU
		{A908C5F9-8109-4E3D-88A4-A6698F619B3E}.Debug|Any CPU.Build.0 = Debug|Any CPU
		{A908C5F9-8109-4E3D-88A4-A6698F619B3E}.Release|Any CPU.ActiveCfg = Release|Any CPU
		{A908C5F9-8109-4E3D-88A4-A6698F619B3E}.Release|Any CPU.Build.0 = Release|Any CPU
	EndGlobalSection
	GlobalSection(SolutionProperties) = preSolution
		HideSolutionNode = FALSE
	EndGlobalSection
	GlobalSection(ExtensibilityGlobals) = postSolution
		SolutionGuid = {C51ED2D8-E057-4D3F-AAED-6CAF50D7BEDC}
	EndGlobalSection
EndGlobal
