
Microsoft Visual Studio Solution File, Format Version 12.00
# Visual Studio Version 17
VisualStudioVersion = 17.5.002.0
MinimumVisualStudioVersion = 10.0.40219.1
Project("{9A19103F-16F7-4668-BE54-9A1E7A4F7556}") = "008-selection-sort", "008-selection-sort.csproj", "{E0476F22-313B-44F9-AAE9-78F857E134B6}"
EndProject
Global
	GlobalSection(SolutionConfigurationPlatforms) = preSolution
		Debug|Any CPU = Debug|Any CPU
		Release|Any CPU = Release|Any CPU
	EndGlobalSection
	GlobalSection(ProjectConfigurationPlatforms) = postSolution
		{E0476F22-313B-44F9-AAE9-78F857E134B6}.Debug|Any CPU.ActiveCfg = Debug|Any CPU
		{E0476F22-313B-44F9-AAE9-78F857E134B6}.Debug|Any CPU.Build.0 = Debug|Any CPU
		{E0476F22-313B-44F9-AAE9-78F857E134B6}.Release|Any CPU.ActiveCfg = Release|Any CPU
		{E0476F22-313B-44F9-AAE9-78F857E134B6}.Release|Any CPU.Build.0 = Release|Any CPU
	EndGlobalSection
	GlobalSection(SolutionProperties) = preSolution
		HideSolutionNode = FALSE
	EndGlobalSection
	GlobalSection(ExtensibilityGlobals) = postSolution
		SolutionGuid = {4EFBF81C-B1ED-449B-85B4-118F6368B4C0}
	EndGlobalSection
EndGlobal
