
Microsoft Visual Studio Solution File, Format Version 12.00
# Visual Studio Version 17
VisualStudioVersion = 17.5.002.0
MinimumVisualStudioVersion = 10.0.40219.1
Project("{9A19103F-16F7-4668-BE54-9A1E7A4F7556}") = "003b-trojuhelnik", "003b-trojuhelnik.csproj", "{065BC672-FB61-4546-86AA-5A5E0AF9D00B}"
EndProject
Global
	GlobalSection(SolutionConfigurationPlatforms) = preSolution
		Debug|Any CPU = Debug|Any CPU
		Release|Any CPU = Release|Any CPU
	EndGlobalSection
	GlobalSection(ProjectConfigurationPlatforms) = postSolution
		{065BC672-FB61-4546-86AA-5A5E0AF9D00B}.Debug|Any CPU.ActiveCfg = Debug|Any CPU
		{065BC672-FB61-4546-86AA-5A5E0AF9D00B}.Debug|Any CPU.Build.0 = Debug|Any CPU
		{065BC672-FB61-4546-86AA-5A5E0AF9D00B}.Release|Any CPU.ActiveCfg = Release|Any CPU
		{065BC672-FB61-4546-86AA-5A5E0AF9D00B}.Release|Any CPU.Build.0 = Release|Any CPU
	EndGlobalSection
	GlobalSection(SolutionProperties) = preSolution
		HideSolutionNode = FALSE
	EndGlobalSection
	GlobalSection(ExtensibilityGlobals) = postSolution
		SolutionGuid = {C899F57D-27DF-4196-A5E2-F8CD72611E8F}
	EndGlobalSection
EndGlobal
