
Microsoft Visual Studio Solution File, Format Version 12.00
# Visual Studio Version 17
VisualStudioVersion = 17.5.002.0
MinimumVisualStudioVersion = 10.0.40219.1
Project("{9A19103F-16F7-4668-BE54-9A1E7A4F7556}") = "003-treti-program-vykreslovani-obrazcu", "003-treti-program-vykreslovani-obrazcu.csproj", "{B60AF329-5362-476E-8DB8-9C9ACCE5A4F0}"
EndProject
Global
	GlobalSection(SolutionConfigurationPlatforms) = preSolution
		Debug|Any CPU = Debug|Any CPU
		Release|Any CPU = Release|Any CPU
	EndGlobalSection
	GlobalSection(ProjectConfigurationPlatforms) = postSolution
		{B60AF329-5362-476E-8DB8-9C9ACCE5A4F0}.Debug|Any CPU.ActiveCfg = Debug|Any CPU
		{B60AF329-5362-476E-8DB8-9C9ACCE5A4F0}.Debug|Any CPU.Build.0 = Debug|Any CPU
		{B60AF329-5362-476E-8DB8-9C9ACCE5A4F0}.Release|Any CPU.ActiveCfg = Release|Any CPU
		{B60AF329-5362-476E-8DB8-9C9ACCE5A4F0}.Release|Any CPU.Build.0 = Release|Any CPU
	EndGlobalSection
	GlobalSection(SolutionProperties) = preSolution
		HideSolutionNode = FALSE
	EndGlobalSection
	GlobalSection(ExtensibilityGlobals) = postSolution
		SolutionGuid = {C27E033F-55F0-465E-886F-9BA566CA97CF}
	EndGlobalSection
EndGlobal
