
Microsoft Visual Studio Solution File, Format Version 12.00
# Visual Studio Version 17
VisualStudioVersion = 17.5.002.0
MinimumVisualStudioVersion = 10.0.40219.1
Project("{9A19103F-16F7-4668-BE54-9A1E7A4F7556}") = "001-prvni-program-vypis-rady", "001-prvni-program-vypis-rady.csproj", "{0C81DD96-43A9-4D0C-8258-9D00181E3AA6}"
EndProject
Global
	GlobalSection(SolutionConfigurationPlatforms) = preSolution
		Debug|Any CPU = Debug|Any CPU
		Release|Any CPU = Release|Any CPU
	EndGlobalSection
	GlobalSection(ProjectConfigurationPlatforms) = postSolution
		{0C81DD96-43A9-4D0C-8258-9D00181E3AA6}.Debug|Any CPU.ActiveCfg = Debug|Any CPU
		{0C81DD96-43A9-4D0C-8258-9D00181E3AA6}.Debug|Any CPU.Build.0 = Debug|Any CPU
		{0C81DD96-43A9-4D0C-8258-9D00181E3AA6}.Release|Any CPU.ActiveCfg = Release|Any CPU
		{0C81DD96-43A9-4D0C-8258-9D00181E3AA6}.Release|Any CPU.Build.0 = Release|Any CPU
	EndGlobalSection
	GlobalSection(SolutionProperties) = preSolution
		HideSolutionNode = FALSE
	EndGlobalSection
	GlobalSection(ExtensibilityGlobals) = postSolution
		SolutionGuid = {C8618AEB-065C-4BC7-8BA6-A4CBED75FBE3}
	EndGlobalSection
EndGlobal
